<Solution>
  <Folder Name="/src/">
    <Project Path="src/Dispatch.Domain/Dispatch.Domain.csproj" />
    <Project Path="src/Dispatch.Application/Dispatch.Application.csproj" />
    <Project Path="src/Dispatch.Infrastructure/Dispatch.Infrastructure.csproj" />
    <Project Path="src/Dispatch.App/Dispatch.App.csproj" />
  </Folder>
  <Folder Name="/tests/">
    <Project Path="tests/Dispatch.Tests/Dispatch.Tests.csproj" />
  </Folder>
</Solution>
